// !$*UTF8*$!
{
	archiveVersion = 1;
	classes = {
	};
	objectVersion = 56;
	objects = {

/* Begin PBXBuildFile section */
		AA1122334455667788990011 /* ElisaWorkflowApp.swift in Sources */ = {isa = PBXBuildFile; fileRef = BB11223344556677889900EE /* ElisaWorkflowApp.swift */; };
		BB1122334455667788990011 /* ContentView.swift in Sources */ = {isa = PBXBuildFile; fileRef = CC11223344556677889900EE /* ContentView.swift */; };
		CC1122334455667788990011 /* CSVDropZone.swift in Sources */ = {isa = PBXBuildFile; fileRef = DD11223344556677889900EE /* CSVDropZone.swift */; };
		DD1122334455667788990011 /* MetadataDropZone.swift in Sources */ = {isa = PBXBuildFile; fileRef = EE11223344556677889900EE /* MetadataDropZone.swift */; };
		EE1122334455667788990011 /* LogView.swift in Sources */ = {isa = PBXBuildFile; fileRef = FF11223344556677889900EE /* LogView.swift */; };
		FF1122334455667788990011 /* ProcessingViewModel.swift in Sources */ = {isa = PBXBuildFile; fileRef = AA11223344556677889900FF /* ProcessingViewModel.swift */; };
		AA1122334455667788990022 /* elisa_workflow.py in Resources */ = {isa = PBXBuildFile; fileRef = BB11223344556677889900FF /* elisa_workflow.py */; };
		BB1122334455667788990022 /* Assets.xcassets in Resources */ = {isa = PBXBuildFile; fileRef = CC11223344556677889900FF /* Assets.xcassets */; };
/* End PBXBuildFile section */

/* Begin PBXFileReference section */
		AA11223344556677889900EE /* ELISAWorkflowApp.app */ = {isa = PBXFileReference; explicitFileType = wrapper.application; includeInIndex = 0; path = ELISAWorkflowApp.app; sourceTree = BUILT_PRODUCTS_DIR; };
		BB11223344556677889900EE /* ElisaWorkflowApp.swift */ = {isa = PBXFileReference; lastKnownFileType = sourcecode.swift; path = ElisaWorkflowApp.swift; sourceTree = "<group>"; };
		CC11223344556677889900EE /* ContentView.swift */ = {isa = PBXFileReference; lastKnownFileType = sourcecode.swift; path = ContentView.swift; sourceTree = "<group>"; };
		DD11223344556677889900EE /* CSVDropZone.swift */ = {isa = PBXFileReference; lastKnownFileType = sourcecode.swift; path = CSVDropZone.swift; sourceTree = "<group>"; };
		EE11223344556677889900EE /* MetadataDropZone.swift */ = {isa = PBXFileReference; lastKnownFileType = sourcecode.swift; path = MetadataDropZone.swift; sourceTree = "<group>"; };
		FF11223344556677889900EE /* LogView.swift */ = {isa = PBXFileReference; lastKnownFileType = sourcecode.swift; path = LogView.swift; sourceTree = "<group>"; };
		AA11223344556677889900FF /* ProcessingViewModel.swift */ = {isa = PBXFileReference; lastKnownFileType = sourcecode.swift; path = ProcessingViewModel.swift; sourceTree = "<group>"; };
		BB11223344556677889900FF /* elisa_workflow.py */ = {isa = PBXFileReference; lastKnownFileType = text.script.python; name = elisa_workflow.py; path = ../elisa_workflow.py; sourceTree = SOURCE_ROOT; };
		CC11223344556677889900FF /* Assets.xcassets */ = {isa = PBXFileReference; lastKnownFileType = folder.assetcatalog; path = Assets.xcassets; sourceTree = "<group>"; };
		DD11223344556677889900FF /* Info.plist */ = {isa = PBXFileReference; lastKnownFileType = text.plist.xml; path = Info.plist; sourceTree = "<group>"; };
		EE11223344556677889900FF /* ELISAWorkflowApp.entitlements */ = {isa = PBXFileReference; lastKnownFileType = text.plist.entitlements; path = ELISAWorkflowApp.entitlements; sourceTree = "<group>"; };
/* End PBXFileReference section */

/* Begin PBXFrameworksBuildPhase section */
		CC11223344556677889900CC /* Frameworks */ = {
			isa = PBXFrameworksBuildPhase;
			buildActionMask = 2147483647;
			files = (
			);
			runOnlyForDeploymentPostprocessing = 0;
		};
/* End PBXFrameworksBuildPhase section */

/* Begin PBXGroup section */
		AA11223344556677889900DD /* root */ = {
			isa = PBXGroup;
			children = (
				BB11223344556677889900DD /* ELISAWorkflowApp */,
				BB11223344556677889900FF /* elisa_workflow.py */,
				EE11223344556677889900DD /* Products */,
			);
			sourceTree = "<group>";
		};
		BB11223344556677889900DD /* ELISAWorkflowApp */ = {
			isa = PBXGroup;
			children = (
				BB11223344556677889900EE /* ElisaWorkflowApp.swift */,
				CC11223344556677889900EE /* ContentView.swift */,
				CC11223344556677889900DD /* Views */,
				DD11223344556677889900DD /* ViewModels */,
				CC11223344556677889900FF /* Assets.xcassets */,
				DD11223344556677889900FF /* Info.plist */,
				EE11223344556677889900FF /* ELISAWorkflowApp.entitlements */,
			);
			path = ELISAWorkflowApp;
			sourceTree = "<group>";
		};
		CC11223344556677889900DD /* Views */ = {
			isa = PBXGroup;
			children = (
				DD11223344556677889900EE /* CSVDropZone.swift */,
				EE11223344556677889900EE /* MetadataDropZone.swift */,
				FF11223344556677889900EE /* LogView.swift */,
			);
			path = Views;
			sourceTree = "<group>";
		};
		DD11223344556677889900DD /* ViewModels */ = {
			isa = PBXGroup;
			children = (
				AA11223344556677889900FF /* ProcessingViewModel.swift */,
			);
			path = ViewModels;
			sourceTree = "<group>";
		};
		EE11223344556677889900DD /* Products */ = {
			isa = PBXGroup;
			children = (
				AA11223344556677889900EE /* ELISAWorkflowApp.app */,
			);
			name = Products;
			sourceTree = "<group>";
		};
/* End PBXGroup section */

/* Begin PBXNativeTarget section */
		AA11223344556677889900BB /* ELISAWorkflowApp */ = {
			isa = PBXNativeTarget;
			buildConfigurationList = BB11223344556677889900BB /* Build configuration list for PBXNativeTarget "ELISAWorkflowApp" */;
			buildPhases = (
				AA11223344556677889900CC /* Sources */,
				CC11223344556677889900CC /* Frameworks */,
				BB11223344556677889900CC /* Resources */,
			);
			buildRules = (
			);
			dependencies = (
			);
			name = ELISAWorkflowApp;
			productName = ELISAWorkflowApp;
			productReference = AA11223344556677889900EE /* ELISAWorkflowApp.app */;
			productType = "com.apple.product-type.application";
		};
/* End PBXNativeTarget section */

/* Begin PBXProject section */
		AA11223344556677889900AA /* Project object */ = {
			isa = PBXProject;
			attributes = {
				BuildIndependentTargetsInParallel = 1;
				LastSwiftUpdateCheck = 1500;
				LastUpgradeCheck = 1500;
				TargetAttributes = {
					AA11223344556677889900BB = {
						CreatedOnToolsVersion = 15.0;
					};
				};
			};
			buildConfigurationList = BB11223344556677889900AA /* Build configuration list for PBXProject "ELISAWorkflowApp" */;
			compatibilityVersion = "Xcode 14.0";
			developmentRegion = en;
			hasScannedForEncodings = 0;
			knownRegions = (
				en,
				Base,
			);
			mainGroup = AA11223344556677889900DD;
			productRefGroup = EE11223344556677889900DD /* Products */;
			projectDirPath = "";
			projectRoot = "";
			targets = (
				AA11223344556677889900BB /* ELISAWorkflowApp */,
			);
		};
/* End PBXProject section */

/* Begin PBXResourcesBuildPhase section */
		BB11223344556677889900CC /* Resources */ = {
			isa = PBXResourcesBuildPhase;
			buildActionMask = 2147483647;
			files = (
				AA1122334455667788990022 /* elisa_workflow.py in Resources */,
				BB1122334455667788990022 /* Assets.xcassets in Resources */,
			);
			runOnlyForDeploymentPostprocessing = 0;
		};
/* End PBXResourcesBuildPhase section */

/* Begin PBXSourcesBuildPhase section */
		AA11223344556677889900CC /* Sources */ = {
			isa = PBXSourcesBuildPhase;
			buildActionMask = 2147483647;
			files = (
				AA1122334455667788990011 /* ElisaWorkflowApp.swift in Sources */,
				BB1122334455667788990011 /* ContentView.swift in Sources */,
				CC1122334455667788990011 /* CSVDropZone.swift in Sources */,
				DD1122334455667788990011 /* MetadataDropZone.swift in Sources */,
				EE1122334455667788990011 /* LogView.swift in Sources */,
				FF1122334455667788990011 /* ProcessingViewModel.swift in Sources */,
			);
			runOnlyForDeploymentPostprocessing = 0;
		};
/* End PBXSourcesBuildPhase section */

/* Begin XCBuildConfiguration section */
		CC11223344556677889900AA /* Debug */ = {
			isa = XCBuildConfiguration;
			buildSettings = {
				ALWAYS_SEARCH_USER_PATHS = NO;
				CLANG_ANALYZER_NONNULL = YES;
				CLANG_ANALYZER_NUMBER_OBJECT_CONVERSION = YES_AGGRESSIVE;
				CLANG_CXX_LANGUAGE_STANDARD = "gnu++20";
				CLANG_ENABLE_MODULES = YES;
				CLANG_ENABLE_OBJC_ARC = YES;
				CLANG_ENABLE_OBJC_WEAK = YES;
				CLANG_WARN_BLOCK_CAPTURE_AUTORELEASING = YES;
				CLANG_WARN_BOOL_CONVERSION = YES;
				CLANG_WARN_COMMA = YES;
				CLANG_WARN_CONSTANT_CONVERSION = YES;
				CLANG_WARN_DEPRECATED_OBJC_IMPLEMENTATIONS = YES;
				CLANG_WARN_DIRECT_OBJC_ISA_USAGE = YES_ERROR;
				CLANG_WARN_DOCUMENTATION_COMMENTS = YES;
				CLANG_WARN_EMPTY_BODY = YES;
				CLANG_WARN_ENUM_CONVERSION = YES;
				CLANG_WARN_INFINITE_RECURSION = YES;
				CLANG_WARN_INT_CONVERSION = YES;
				CLANG_WARN_NON_LITERAL_NULL_CONVERSION = YES;
				CLANG_WARN_OBJC_IMPLICIT_RETAIN_SELF = YES;
				CLANG_WARN_OBJC_LITERAL_CONVERSION = YES;
				CLANG_WARN_OBJC_ROOT_CLASS = YES_ERROR;
				CLANG_WARN_QUOTED_INCLUDE_IN_FRAMEWORK_HEADER = YES;
				CLANG_WARN_RANGE_LOOP_ANALYSIS = YES;
				CLANG_WARN_STRICT_PROTOTYPES = YES;
				CLANG_WARN_SUSPICIOUS_MOVE = YES;
				CLANG_WARN_UNGUARDED_AVAILABILITY = YES_AGGRESSIVE;
				CLANG_WARN_UNREACHABLE_CODE = YES;
				CLANG_WARN__DUPLICATE_METHOD_MATCH = YES;
				COPY_PHASE_STRIP = NO;
				DEBUG_INFORMATION_FORMAT = dwarf;
				ENABLE_STRICT_OBJC_MSGSEND = YES;
				ENABLE_TESTABILITY = YES;
				GCC_C_LANGUAGE_STANDARD = gnu17;
				GCC_DYNAMIC_NO_PIC = NO;
				GCC_NO_COMMON_BLOCKS = YES;
				GCC_OPTIMIZATION_LEVEL = 0;
				GCC_PREPROCESSOR_DEFINITIONS = (
					"DEBUG=1",
					"$(inherited)",
				);
				GCC_WARN_64_TO_32_BIT_CONVERSION = YES;
				GCC_WARN_ABOUT_RETURN_TYPE = YES_ERROR;
				GCC_WARN_UNDECLARED_SELECTOR = YES;
				GCC_WARN_UNINITIALIZED_AUTOS = YES_AGGRESSIVE;
				GCC_WARN_UNUSED_FUNCTION = YES;
				GCC_WARN_UNUSED_VARIABLE = YES;
				MACOSX_DEPLOYMENT_TARGET = 13.0;
				MTL_ENABLE_DEBUG_INFO = INCLUDE_SOURCE;
				MTL_FAST_MATH = YES;
				ONLY_ACTIVE_ARCH = YES;
				SDKROOT = macosx;
				SWIFT_ACTIVE_COMPILATION_CONDITIONS = DEBUG;
				SWIFT_OPTIMIZATION_LEVEL = "-Onone";
			};
			name = Debug;
		};
		DD11223344556677889900AA /* Release */ = {
			isa = XCBuildConfiguration;
			buildSettings = {
				ALWAYS_SEARCH_USER_PATHS = NO;
				CLANG_ANALYZER_NONNULL = YES;
				CLANG_ANALYZER_NUMBER_OBJECT_CONVERSION = YES_AGGRESSIVE;
				CLANG_CXX_LANGUAGE_STANDARD = "gnu++20";
				CLANG_ENABLE_MODULES = YES;
				CLANG_ENABLE_OBJC_ARC = YES;
				CLANG_ENABLE_OBJC_WEAK = YES;
				CLANG_WARN_BLOCK_CAPTURE_AUTORELEASING = YES;
				CLANG_WARN_BOOL_CONVERSION = YES;
				CLANG_WARN_COMMA = YES;
				CLANG_WARN_CONSTANT_CONVERSION = YES;
				CLANG_WARN_DEPRECATED_OBJC_IMPLEMENTATIONS = YES;
				CLANG_WARN_DIRECT_OBJC_ISA_USAGE = YES_ERROR;
				CLANG_WARN_DOCUMENTATION_COMMENTS = YES;
				CLANG_WARN_EMPTY_BODY = YES;
				CLANG_WARN_ENUM_CONVERSION = YES;
				CLANG_WARN_INFINITE_RECURSION = YES;
				CLANG_WARN_INT_CONVERSION = YES;
				CLANG_WARN_NON_LITERAL_NULL_CONVERSION = YES;
				CLANG_WARN_OBJC_IMPLICIT_RETAIN_SELF = YES;
				CLANG_WARN_OBJC_LITERAL_CONVERSION = YES;
				CLANG_WARN_OBJC_ROOT_CLASS = YES_ERROR;
				CLANG_WARN_QUOTED_INCLUDE_IN_FRAMEWORK_HEADER = YES;
				CLANG_WARN_RANGE_LOOP_ANALYSIS = YES;
				CLANG_WARN_STRICT_PROTOTYPES = YES;
				CLANG_WARN_SUSPICIOUS_MOVE = YES;
				CLANG_WARN_UNGUARDED_AVAILABILITY = YES_AGGRESSIVE;
				CLANG_WARN_UNREACHABLE_CODE = YES;
				CLANG_WARN__DUPLICATE_METHOD_MATCH = YES;
				COPY_PHASE_STRIP = NO;
				DEBUG_INFORMATION_FORMAT = "dwarf-with-dsym";
				ENABLE_NS_ASSERTIONS = NO;
				ENABLE_STRICT_OBJC_MSGSEND = YES;
				GCC_C_LANGUAGE_STANDARD = gnu17;
				GCC_NO_COMMON_BLOCKS = YES;
				GCC_WARN_64_TO_32_BIT_CONVERSION = YES;
				GCC_WARN_ABOUT_RETURN_TYPE = YES_ERROR;
				GCC_WARN_UNDECLARED_SELECTOR = YES;
				GCC_WARN_UNINITIALIZED_AUTOS = YES_AGGRESSIVE;
				GCC_WARN_UNUSED_FUNCTION = YES;
				GCC_WARN_UNUSED_VARIABLE = YES;
				MACOSX_DEPLOYMENT_TARGET = 13.0;
				MTL_ENABLE_DEBUG_INFO = NO;
				MTL_FAST_MATH = YES;
				SDKROOT = macosx;
				SWIFT_COMPILATION_MODE = wholemodule;
				SWIFT_OPTIMIZATION_LEVEL = "-O";
			};
			name = Release;
		};
		CC11223344556677889900BB /* Debug */ = {
			isa = XCBuildConfiguration;
			buildSettings = {
				ASSETCATALOG_COMPILER_APPICON_NAME = AppIcon;
				ASSETCATALOG_COMPILER_GLOBAL_ACCENT_COLOR_NAME = AccentColor;
				CODE_SIGN_ENTITLEMENTS = ELISAWorkflowApp/ELISAWorkflowApp.entitlements;
				CODE_SIGN_STYLE = Automatic;
				COMBINE_HIDPI_IMAGES = YES;
				CURRENT_PROJECT_VERSION = 1;
				ENABLE_HARDENED_RUNTIME = NO;
				GENERATE_INFOPLIST_FILE = NO;
				INFOPLIST_FILE = ELISAWorkflowApp/Info.plist;
				LD_RUNPATH_SEARCH_PATHS = (
					"$(inherited)",
					"@executable_path/../Frameworks",
				);
				MACOSX_DEPLOYMENT_TARGET = 13.0;
				MARKETING_VERSION = 1.0;
				PRODUCT_BUNDLE_IDENTIFIER = "com.nussenzweig.elisaworkflow";
				PRODUCT_NAME = "$(TARGET_NAME)";
				SDKROOT = macosx;
				SWIFT_EMIT_LOC_STRINGS = YES;
				SWIFT_VERSION = 5.0;
			};
			name = Debug;
		};
		DD11223344556677889900BB /* Release */ = {
			isa = XCBuildConfiguration;
			buildSettings = {
				ASSETCATALOG_COMPILER_APPICON_NAME = AppIcon;
				ASSETCATALOG_COMPILER_GLOBAL_ACCENT_COLOR_NAME = AccentColor;
				CODE_SIGN_ENTITLEMENTS = ELISAWorkflowApp/ELISAWorkflowApp.entitlements;
				CODE_SIGN_STYLE = Automatic;
				COMBINE_HIDPI_IMAGES = YES;
				CURRENT_PROJECT_VERSION = 1;
				ENABLE_HARDENED_RUNTIME = NO;
				GENERATE_INFOPLIST_FILE = NO;
				INFOPLIST_FILE = ELISAWorkflowApp/Info.plist;
				LD_RUNPATH_SEARCH_PATHS = (
					"$(inherited)",
					"@executable_path/../Frameworks",
				);
				MACOSX_DEPLOYMENT_TARGET = 13.0;
				MARKETING_VERSION = 1.0;
				PRODUCT_BUNDLE_IDENTIFIER = "com.nussenzweig.elisaworkflow";
				PRODUCT_NAME = "$(TARGET_NAME)";
				SDKROOT = macosx;
				SWIFT_EMIT_LOC_STRINGS = YES;
				SWIFT_VERSION = 5.0;
			};
			name = Release;
		};
/* End XCBuildConfiguration section */

/* Begin XCConfigurationList section */
		BB11223344556677889900AA /* Build configuration list for PBXProject "ELISAWorkflowApp" */ = {
			isa = XCConfigurationList;
			buildConfigurations = (
				CC11223344556677889900AA /* Debug */,
				DD11223344556677889900AA /* Release */,
			);
			defaultConfigurationIsVisible = 0;
			defaultConfigurationName = Release;
		};
		BB11223344556677889900BB /* Build configuration list for PBXNativeTarget "ELISAWorkflowApp" */ = {
			isa = XCConfigurationList;
			buildConfigurations = (
				CC11223344556677889900BB /* Debug */,
				DD11223344556677889900BB /* Release */,
			);
			defaultConfigurationIsVisible = 0;
			defaultConfigurationName = Release;
		};
/* End XCConfigurationList section */

	};
	rootObject = AA11223344556677889900AA /* Project object */;
}
